PODS:
  - StaticTableViewController (1.0.1)

DEPENDENCIES:
  - StaticTableViewController (from `./`)

EXTERNAL SOURCES:
  StaticTableViewController:
    :path: "./"

SPEC CHECKSUMS:
  StaticTableViewController: f3d7a26ac451684399cb12fb48c4e587ebd6297f

PODFILE CHECKSUM: b87f909462710db4c678c5c56a4e6af55a5e5287

COCOAPODS: 1.5.3
