PODS:
  - StaticTableViewController (1.2.0)

DEPENDENCIES:
  - StaticTableViewController (from `./`)

EXTERNAL SOURCES:
  StaticTableViewController:
    :path: "./"

SPEC CHECKSUMS:
  StaticTableViewController: 728fe5bd49d6cf63ef06db664178866134f232ef

PODFILE CHECKSUM: b87f909462710db4c678c5c56a4e6af55a5e5287

COCOAPODS: 1.9.1
